Microsoft Visual Studio Solution File, Format Version 12.00
# Visual Studio 2012
Project("{FAE04EC0-301F-11D3-BF4B-00C04F79EFBC}") = "godot-2d-action-rpg", "godot-2d-action-rpg.csproj", "{A6200310-67AC-4032-A7FD-EA645ABFE31B}"
EndProject
Global
	GlobalSection(SolutionConfigurationPlatforms) = preSolution
	Debug|Any CPU = Debug|Any CPU
	Release|Any CPU = Release|Any CPU
	Tools|Any CPU = Tools|Any CPU
	EndGlobalSection
	GlobalSection(ProjectConfigurationPlatforms) = postSolution
		{A6200310-67AC-4032-A7FD-EA645ABFE31B}.Debug|Any CPU.ActiveCfg = Debug|Any CPU
		{A6200310-67AC-4032-A7FD-EA645ABFE31B}.Debug|Any CPU.Build.0 = Debug|Any CPU
		{A6200310-67AC-4032-A7FD-EA645ABFE31B}.Release|Any CPU.ActiveCfg = Release|Any CPU
		{A6200310-67AC-4032-A7FD-EA645ABFE31B}.Release|Any CPU.Build.0 = Release|Any CPU
		{A6200310-67AC-4032-A7FD-EA645ABFE31B}.Tools|Any CPU.ActiveCfg = Tools|Any CPU
		{A6200310-67AC-4032-A7FD-EA645ABFE31B}.Tools|Any CPU.Build.0 = Tools|Any CPU
	EndGlobalSection
EndGlobal
